
Microsoft Visual Studio Solution File, Format Version 12.00
# Visual Studio Version 17
VisualStudioVersion = 17.4.33213.308
MinimumVisualStudioVersion = 10.0.40219.1
Project("{FAE04EC0-301F-11D3-BF4B-00C04F79EFBC}") = "MOD4_1302210068", "MOD4_1302210068\MOD4_1302210068.csproj", "{BBE04BA8-D0F2-47D0-85F4-00C189C3AD65}"
EndProject
Global
	GlobalSection(SolutionConfigurationPlatforms) = preSolution
		Debug|Any CPU = Debug|Any CPU
		Release|Any CPU = Release|Any CPU
	EndGlobalSection
	GlobalSection(ProjectConfigurationPlatforms) = postSolution
		{BBE04BA8-D0F2-47D0-85F4-00C189C3AD65}.Debug|Any CPU.ActiveCfg = Debug|Any CPU
		{BBE04BA8-D0F2-47D0-85F4-00C189C3AD65}.Debug|Any CPU.Build.0 = Debug|Any CPU
		{BBE04BA8-D0F2-47D0-85F4-00C189C3AD65}.Release|Any CPU.ActiveCfg = Release|Any CPU
		{BBE04BA8-D0F2-47D0-85F4-00C189C3AD65}.Release|Any CPU.Build.0 = Release|Any CPU
	EndGlobalSection
	GlobalSection(SolutionProperties) = preSolution
		HideSolutionNode = FALSE
	EndGlobalSection
	GlobalSection(ExtensibilityGlobals) = postSolution
		SolutionGuid = {A0782E86-36E5-444D-8627-3B3C469900D5}
	EndGlobalSection
EndGlobal
